
Microsoft Visual Studio Solution File, Format Version 12.00
# Visual Studio 2013
VisualStudioVersion = 12.0.21005.1
MinimumVisualStudioVersion = 10.0.40219.1
Project("{FAE04EC0-301F-11D3-BF4B-00C04F79EFBC}") = "UI", "UI\UI.csproj", "{2B40CF08-ABA0-4EE5-9D7E-38EC6F911CD6}"
EndProject
Project("{FAE04EC0-301F-11D3-BF4B-00C04F79EFBC}") = "DomainModel", "DomainModel\DomainModel.csproj", "{BA3689A2-792B-40E3-A731-8ADB70679D17}"
EndProject
Project("{FAE04EC0-301F-11D3-BF4B-00C04F79EFBC}") = "Presentation", "Presentation\Presentation.csproj", "{B449C89C-ACCE-4447-9CFD-42BBFBD384CD}"
EndProject
Global
	GlobalSection(SolutionConfigurationPlatforms) = preSolution
		Debug|Any CPU = Debug|Any CPU
		Release|Any CPU = Release|Any CPU
	EndGlobalSection
	GlobalSection(ProjectConfigurationPlatforms) = postSolution
		{2B40CF08-ABA0-4EE5-9D7E-38EC6F911CD6}.Debug|Any CPU.ActiveCfg = Debug|Any CPU
		{2B40CF08-ABA0-4EE5-9D7E-38EC6F911CD6}.Debug|Any CPU.Build.0 = Debug|Any CPU
		{2B40CF08-ABA0-4EE5-9D7E-38EC6F911CD6}.Release|Any CPU.ActiveCfg = Release|Any CPU
		{2B40CF08-ABA0-4EE5-9D7E-38EC6F911CD6}.Release|Any CPU.Build.0 = Release|Any CPU
		{BA3689A2-792B-40E3-A731-8ADB70679D17}.Debug|Any CPU.ActiveCfg = Debug|Any CPU
		{BA3689A2-792B-40E3-A731-8ADB70679D17}.Debug|Any CPU.Build.0 = Debug|Any CPU
		{BA3689A2-792B-40E3-A731-8ADB70679D17}.Release|Any CPU.ActiveCfg = Release|Any CPU
		{BA3689A2-792B-40E3-A731-8ADB70679D17}.Release|Any CPU.Build.0 = Release|Any CPU
		{B449C89C-ACCE-4447-9CFD-42BBFBD384CD}.Debug|Any CPU.ActiveCfg = Debug|Any CPU
		{B449C89C-ACCE-4447-9CFD-42BBFBD384CD}.Debug|Any CPU.Build.0 = Debug|Any CPU
		{B449C89C-ACCE-4447-9CFD-42BBFBD384CD}.Release|Any CPU.ActiveCfg = Release|Any CPU
		{B449C89C-ACCE-4447-9CFD-42BBFBD384CD}.Release|Any CPU.Build.0 = Release|Any CPU
	EndGlobalSection
	GlobalSection(SolutionProperties) = preSolution
		HideSolutionNode = FALSE
	EndGlobalSection
EndGlobal
